
Microsoft Visual Studio Solution File, Format Version 12.00
# Visual Studio Version 17
VisualStudioVersion = 17.8.34511.84
MinimumVisualStudioVersion = 10.0.40219.1
Project("{9A19103F-16F7-4668-BE54-9A1E7A4F7556}") = "lessonCs", "lessonCs\lessonCs.csproj", "{4912399A-DCE5-4FFE-8B9F-EF4B89BF325B}"
EndProject
Project("{FAE04EC0-301F-11D3-BF4B-00C04F79EFBC}") = "Benchmark", "Benchmark\Benchmark.csproj", "{9A8EB7F0-DCFF-46A4-9643-CF8E9D60D758}"
EndProject
Global
	GlobalSection(SolutionConfigurationPlatforms) = preSolution
		Debug|Any CPU = Debug|Any CPU
		Release|Any CPU = Release|Any CPU
	EndGlobalSection
	GlobalSection(ProjectConfigurationPlatforms) = postSolution
		{4912399A-DCE5-4FFE-8B9F-EF4B89BF325B}.Debug|Any CPU.ActiveCfg = Debug|Any CPU
		{4912399A-DCE5-4FFE-8B9F-EF4B89BF325B}.Debug|Any CPU.Build.0 = Debug|Any CPU
		{4912399A-DCE5-4FFE-8B9F-EF4B89BF325B}.Release|Any CPU.ActiveCfg = Release|Any CPU
		{4912399A-DCE5-4FFE-8B9F-EF4B89BF325B}.Release|Any CPU.Build.0 = Release|Any CPU
		{9A8EB7F0-DCFF-46A4-9643-CF8E9D60D758}.Debug|Any CPU.ActiveCfg = Debug|Any CPU
		{9A8EB7F0-DCFF-46A4-9643-CF8E9D60D758}.Debug|Any CPU.Build.0 = Debug|Any CPU
		{9A8EB7F0-DCFF-46A4-9643-CF8E9D60D758}.Release|Any CPU.ActiveCfg = Release|Any CPU
		{9A8EB7F0-DCFF-46A4-9643-CF8E9D60D758}.Release|Any CPU.Build.0 = Release|Any CPU
	EndGlobalSection
	GlobalSection(SolutionProperties) = preSolution
		HideSolutionNode = FALSE
	EndGlobalSection
	GlobalSection(ExtensibilityGlobals) = postSolution
		SolutionGuid = {BD25F97A-19C2-4AE8-A9FD-69BECE7615E5}
	EndGlobalSection
EndGlobal
